// !$*UTF8*$!
{
	archiveVersion = 1;
	classes = {
	};
	objectVersion = 56;
	objects = {

/* Begin PBXBuildFile section */
		DE0580152BFC34F2009E8B63 /* AudioPlayerViewModel.swift in Sources */ = {isa = PBXBuildFile; fileRef = DE0580142BFC34F2009E8B63 /* AudioPlayerViewModel.swift */; };
		DE0580172BFC3672009E8B63 /* FinaleSelctedView.swift in Sources */ = {isa = PBXBuildFile; fileRef = DE0580162BFC3672009E8B63 /* FinaleSelctedView.swift */; };
		DE0580192BFC391B009E8B63 /* PlayerView.swift in Sources */ = {isa = PBXBuildFile; fileRef = DE0580182BFC391B009E8B63 /* PlayerView.swift */; };
		DE1615E02BF1AC27007EE7A0 /* SOONGEEZApp.swift in Sources */ = {isa = PBXBuildFile; fileRef = DE1615DF2BF1AC27007EE7A0 /* SOONGEEZApp.swift */; };
		DE1615E42BF1AC28007EE7A0 /* Assets.xcassets in Resources */ = {isa = PBXBuildFile; fileRef = DE1615E32BF1AC28007EE7A0 /* Assets.xcassets */; };
		DE1615E72BF1AC28007EE7A0 /* Preview Assets.xcassets in Resources */ = {isa = PBXBuildFile; fileRef = DE1615E62BF1AC28007EE7A0 /* Preview Assets.xcassets */; };
		DE1EEC762BF6EE4A00E9FFD9 /* PlayMusicModel.swift in Sources */ = {isa = PBXBuildFile; fileRef = DE1EEC752BF6EE4A00E9FFD9 /* PlayMusicModel.swift */; };
		DE9269162BFE2F3500F6BD02 /* MakePlaylistView.swift in Sources */ = {isa = PBXBuildFile; fileRef = DE9269152BFE2F3500F6BD02 /* MakePlaylistView.swift */; };
		DEBBF9FE2BFBA59F00AEE7A1 /* ControlView.swift in Sources */ = {isa = PBXBuildFile; fileRef = DEBBF9FD2BFBA59F00AEE7A1 /* ControlView.swift */; };
		DEDB50E02BFCBE120021E32C /* music_test.mp3 in Resources */ = {isa = PBXBuildFile; fileRef = DEDB50DF2BFCBE120021E32C /* music_test.mp3 */; };
		DF20AFF92BF1B50B0082BFF3 /* ColorExtension.swift in Sources */ = {isa = PBXBuildFile; fileRef = DF20AFF82BF1B50B0082BFF3 /* ColorExtension.swift */; };
		DF20B00D2BF2F0910082BFF3 /* SplashView.swift in Sources */ = {isa = PBXBuildFile; fileRef = DF20B00C2BF2F0910082BFF3 /* SplashView.swift */; };
		DF20B00F2BF2F09F0082BFF3 /* LoginView.swift in Sources */ = {isa = PBXBuildFile; fileRef = DF20B00E2BF2F09F0082BFF3 /* LoginView.swift */; };
		DF20B0112BF2F0AE0082BFF3 /* MusicView.swift in Sources */ = {isa = PBXBuildFile; fileRef = DF20B0102BF2F0AE0082BFF3 /* MusicView.swift */; };
		DF20B0132BF2F0BA0082BFF3 /* PlaylistView.swift in Sources */ = {isa = PBXBuildFile; fileRef = DF20B0122BF2F0BA0082BFF3 /* PlaylistView.swift */; };
		DF20B0152BF2F0C70082BFF3 /* FinishView.swift in Sources */ = {isa = PBXBuildFile; fileRef = DF20B0142BF2F0C70082BFF3 /* FinishView.swift */; };
		DF20B0172BF2F0D50082BFF3 /* SelectMusicView.swift in Sources */ = {isa = PBXBuildFile; fileRef = DF20B0162BF2F0D50082BFF3 /* SelectMusicView.swift */; };
		DF2C1A0D2BFCC0DA009C651D /* LoginRequestBody.swift in Sources */ = {isa = PBXBuildFile; fileRef = DF2C1A0C2BFCC0DA009C651D /* LoginRequestBody.swift */; };
		DF2C1A0F2BFCC0E9009C651D /* LoginResponse.swift in Sources */ = {isa = PBXBuildFile; fileRef = DF2C1A0E2BFCC0E9009C651D /* LoginResponse.swift */; };
		DF3A068F2BF31AAF00E40050 /* TempEntity.swift in Sources */ = {isa = PBXBuildFile; fileRef = DF3A068E2BF31AAF00E40050 /* TempEntity.swift */; };
		DF78CB272BFB9B8300CF4AFC /* Property List.plist in Resources */ = {isa = PBXBuildFile; fileRef = DF78CB262BFB9B8300CF4AFC /* Property List.plist */; };
		DF78CB292BFB9C4400CF4AFC /* Config.swift in Sources */ = {isa = PBXBuildFile; fileRef = DF78CB282BFB9C4400CF4AFC /* Config.swift */; };
		DF78CB2B2BFBA00D00CF4AFC /* NetworkError.swift in Sources */ = {isa = PBXBuildFile; fileRef = DF78CB2A2BFBA00D00CF4AFC /* NetworkError.swift */; };
		DF78CB2D2BFBA04300CF4AFC /* LoginService.swift in Sources */ = {isa = PBXBuildFile; fileRef = DF78CB2C2BFBA04300CF4AFC /* LoginService.swift */; };
		DF8171882BFC9E4300A33402 /* TokenRequestBody.swift in Sources */ = {isa = PBXBuildFile; fileRef = DF8171872BFC9E4300A33402 /* TokenRequestBody.swift */; };
		DF81718C2BFCB8D100A33402 /* SearchService.swift in Sources */ = {isa = PBXBuildFile; fileRef = DF81718B2BFCB8D100A33402 /* SearchService.swift */; };
		DF81718E2BFCB8FA00A33402 /* SearchResponse.swift in Sources */ = {isa = PBXBuildFile; fileRef = DF81718D2BFCB8FA00A33402 /* SearchResponse.swift */; };
		DF8171902BFCB90500A33402 /* SearchRequestBody.swift in Sources */ = {isa = PBXBuildFile; fileRef = DF81718F2BFCB90500A33402 /* SearchRequestBody.swift */; };
		DF8BB0042BF4F750006469CD /* SelectMusicModel.swift in Sources */ = {isa = PBXBuildFile; fileRef = DF8BB0032BF4F750006469CD /* SelectMusicModel.swift */; };
		DFAEF1FF2BFC4799006F0DA3 /* TokenService.swift in Sources */ = {isa = PBXBuildFile; fileRef = DFAEF1FE2BFC4799006F0DA3 /* TokenService.swift */; };
		DFBC9BE82BFD9A3F006D7DF6 /* DurationExtension.swift in Sources */ = {isa = PBXBuildFile; fileRef = DFBC9BE72BFD9A3F006D7DF6 /* DurationExtension.swift */; };
		DFBC9BEA2BFD9DC3006D7DF6 /* SearchModel.swift in Sources */ = {isa = PBXBuildFile; fileRef = DFBC9BE92BFD9DC3006D7DF6 /* SearchModel.swift */; };
		DFC550BF2BFCC162000C1F92 /* AuthSessionManager.swift in Sources */ = {isa = PBXBuildFile; fileRef = DFC550BE2BFCC162000C1F92 /* AuthSessionManager.swift */; };
		DFDFB43E2BFED27300077682 /* PlaylistRequestBody.swift in Sources */ = {isa = PBXBuildFile; fileRef = DFDFB43D2BFED27300077682 /* PlaylistRequestBody.swift */; };
		DFDFB4402BFED28A00077682 /* PlaylistResonse.swift in Sources */ = {isa = PBXBuildFile; fileRef = DFDFB43F2BFED28A00077682 /* PlaylistResonse.swift */; };
		DFDFB4422BFED3A400077682 /* DateExtension.swift in Sources */ = {isa = PBXBuildFile; fileRef = DFDFB4412BFED3A400077682 /* DateExtension.swift */; };
		DFDFB4452BFED4AF00077682 /* PlaylistService.swift in Sources */ = {isa = PBXBuildFile; fileRef = DFDFB4442BFED4AF00077682 /* PlaylistService.swift */; };
		DFDFB4472BFF3F3500077682 /* ExportRequestBody.swift in Sources */ = {isa = PBXBuildFile; fileRef = DFDFB4462BFF3F3500077682 /* ExportRequestBody.swift */; };
		DFDFB4492BFF3F7700077682 /* ExportResponse.swift in Sources */ = {isa = PBXBuildFile; fileRef = DFDFB4482BFF3F7700077682 /* ExportResponse.swift */; };
		DFDFB44C2BFF3FC300077682 /* ExportService.swift in Sources */ = {isa = PBXBuildFile; fileRef = DFDFB44B2BFF3FC300077682 /* ExportService.swift */; };
/* End PBXBuildFile section */

/* Begin PBXFileReference section */
		DE0580142BFC34F2009E8B63 /* AudioPlayerViewModel.swift */ = {isa = PBXFileReference; lastKnownFileType = sourcecode.swift; path = AudioPlayerViewModel.swift; sourceTree = "<group>"; };
		DE0580162BFC3672009E8B63 /* FinaleSelctedView.swift */ = {isa = PBXFileReference; lastKnownFileType = sourcecode.swift; path = FinaleSelctedView.swift; sourceTree = "<group>"; };
		DE0580182BFC391B009E8B63 /* PlayerView.swift */ = {isa = PBXFileReference; lastKnownFileType = sourcecode.swift; path = PlayerView.swift; sourceTree = "<group>"; };
		DE1615DC2BF1AC27007EE7A0 /* SOONGEEZ.app */ = {isa = PBXFileReference; explicitFileType = wrapper.application; includeInIndex = 0; path = SOONGEEZ.app; sourceTree = BUILT_PRODUCTS_DIR; };
		DE1615DF2BF1AC27007EE7A0 /* SOONGEEZApp.swift */ = {isa = PBXFileReference; lastKnownFileType = sourcecode.swift; path = SOONGEEZApp.swift; sourceTree = "<group>"; };
		DE1615E32BF1AC28007EE7A0 /* Assets.xcassets */ = {isa = PBXFileReference; lastKnownFileType = folder.assetcatalog; path = Assets.xcassets; sourceTree = "<group>"; };
		DE1615E62BF1AC28007EE7A0 /* Preview Assets.xcassets */ = {isa = PBXFileReference; lastKnownFileType = folder.assetcatalog; path = "Preview Assets.xcassets"; sourceTree = "<group>"; };
		DE1EEC752BF6EE4A00E9FFD9 /* PlayMusicModel.swift */ = {isa = PBXFileReference; lastKnownFileType = sourcecode.swift; path = PlayMusicModel.swift; sourceTree = "<group>"; };
		DE9269152BFE2F3500F6BD02 /* MakePlaylistView.swift */ = {isa = PBXFileReference; lastKnownFileType = sourcecode.swift; path = MakePlaylistView.swift; sourceTree = "<group>"; };
		DEBBF9FD2BFBA59F00AEE7A1 /* ControlView.swift */ = {isa = PBXFileReference; lastKnownFileType = sourcecode.swift; path = ControlView.swift; sourceTree = "<group>"; };
		DEDB50DF2BFCBE120021E32C /* music_test.mp3 */ = {isa = PBXFileReference; lastKnownFileType = audio.mp3; path = music_test.mp3; sourceTree = "<group>"; };
		DF20AFF82BF1B50B0082BFF3 /* ColorExtension.swift */ = {isa = PBXFileReference; lastKnownFileType = sourcecode.swift; path = ColorExtension.swift; sourceTree = "<group>"; };
		DF20B00C2BF2F0910082BFF3 /* SplashView.swift */ = {isa = PBXFileReference; lastKnownFileType = sourcecode.swift; path = SplashView.swift; sourceTree = "<group>"; };
		DF20B00E2BF2F09F0082BFF3 /* LoginView.swift */ = {isa = PBXFileReference; lastKnownFileType = sourcecode.swift; path = LoginView.swift; sourceTree = "<group>"; };
		DF20B0102BF2F0AE0082BFF3 /* MusicView.swift */ = {isa = PBXFileReference; lastKnownFileType = sourcecode.swift; path = MusicView.swift; sourceTree = "<group>"; };
		DF20B0122BF2F0BA0082BFF3 /* PlaylistView.swift */ = {isa = PBXFileReference; lastKnownFileType = sourcecode.swift; path = PlaylistView.swift; sourceTree = "<group>"; };
		DF20B0142BF2F0C70082BFF3 /* FinishView.swift */ = {isa = PBXFileReference; lastKnownFileType = sourcecode.swift; path = FinishView.swift; sourceTree = "<group>"; };
		DF20B0162BF2F0D50082BFF3 /* SelectMusicView.swift */ = {isa = PBXFileReference; lastKnownFileType = sourcecode.swift; path = SelectMusicView.swift; sourceTree = "<group>"; };
		DF2C1A0C2BFCC0DA009C651D /* LoginRequestBody.swift */ = {isa = PBXFileReference; lastKnownFileType = sourcecode.swift; path = LoginRequestBody.swift; sourceTree = "<group>"; };
		DF2C1A0E2BFCC0E9009C651D /* LoginResponse.swift */ = {isa = PBXFileReference; lastKnownFileType = sourcecode.swift; path = LoginResponse.swift; sourceTree = "<group>"; };
		DF3A068E2BF31AAF00E40050 /* TempEntity.swift */ = {isa = PBXFileReference; lastKnownFileType = sourcecode.swift; path = TempEntity.swift; sourceTree = "<group>"; };
		DF78CB222BFB37F100CF4AFC /* Info.plist */ = {isa = PBXFileReference; lastKnownFileType = text.plist; path = Info.plist; sourceTree = "<group>"; };
		DF78CB232BFB3CFF00CF4AFC /* Config.xcconfig */ = {isa = PBXFileReference; lastKnownFileType = text.xcconfig; path = Config.xcconfig; sourceTree = "<group>"; };
		DF78CB262BFB9B8300CF4AFC /* Property List.plist */ = {isa = PBXFileReference; lastKnownFileType = text.plist.xml; path = "Property List.plist"; sourceTree = "<group>"; };
		DF78CB282BFB9C4400CF4AFC /* Config.swift */ = {isa = PBXFileReference; lastKnownFileType = sourcecode.swift; path = Config.swift; sourceTree = "<group>"; };
		DF78CB2A2BFBA00D00CF4AFC /* NetworkError.swift */ = {isa = PBXFileReference; lastKnownFileType = sourcecode.swift; path = NetworkError.swift; sourceTree = "<group>"; };
		DF78CB2C2BFBA04300CF4AFC /* LoginService.swift */ = {isa = PBXFileReference; lastKnownFileType = sourcecode.swift; path = LoginService.swift; sourceTree = "<group>"; };
		DF8171872BFC9E4300A33402 /* TokenRequestBody.swift */ = {isa = PBXFileReference; lastKnownFileType = sourcecode.swift; path = TokenRequestBody.swift; sourceTree = "<group>"; };
		DF8171892BFCA6AC00A33402 /* SOONGEEZ.entitlements */ = {isa = PBXFileReference; lastKnownFileType = text.plist.entitlements; path = SOONGEEZ.entitlements; sourceTree = "<group>"; };
		DF81718B2BFCB8D100A33402 /* SearchService.swift */ = {isa = PBXFileReference; lastKnownFileType = sourcecode.swift; path = SearchService.swift; sourceTree = "<group>"; };
		DF81718D2BFCB8FA00A33402 /* SearchResponse.swift */ = {isa = PBXFileReference; lastKnownFileType = sourcecode.swift; path = SearchResponse.swift; sourceTree = "<group>"; };
		DF81718F2BFCB90500A33402 /* SearchRequestBody.swift */ = {isa = PBXFileReference; lastKnownFileType = sourcecode.swift; path = SearchRequestBody.swift; sourceTree = "<group>"; };
		DF8BB0032BF4F750006469CD /* SelectMusicModel.swift */ = {isa = PBXFileReference; lastKnownFileType = sourcecode.swift; path = SelectMusicModel.swift; sourceTree = "<group>"; };
		DFAEF1FE2BFC4799006F0DA3 /* TokenService.swift */ = {isa = PBXFileReference; lastKnownFileType = sourcecode.swift; path = TokenService.swift; sourceTree = "<group>"; };
		DFBC9BE72BFD9A3F006D7DF6 /* DurationExtension.swift */ = {isa = PBXFileReference; lastKnownFileType = sourcecode.swift; path = DurationExtension.swift; sourceTree = "<group>"; };
		DFBC9BE92BFD9DC3006D7DF6 /* SearchModel.swift */ = {isa = PBXFileReference; lastKnownFileType = sourcecode.swift; path = SearchModel.swift; sourceTree = "<group>"; };
		DFC550BE2BFCC162000C1F92 /* AuthSessionManager.swift */ = {isa = PBXFileReference; lastKnownFileType = sourcecode.swift; path = AuthSessionManager.swift; sourceTree = "<group>"; };
		DFDFB43D2BFED27300077682 /* PlaylistRequestBody.swift */ = {isa = PBXFileReference; lastKnownFileType = sourcecode.swift; path = PlaylistRequestBody.swift; sourceTree = "<group>"; };
		DFDFB43F2BFED28A00077682 /* PlaylistResonse.swift */ = {isa = PBXFileReference; lastKnownFileType = sourcecode.swift; path = PlaylistResonse.swift; sourceTree = "<group>"; };
		DFDFB4412BFED3A400077682 /* DateExtension.swift */ = {isa = PBXFileReference; lastKnownFileType = sourcecode.swift; path = DateExtension.swift; sourceTree = "<group>"; };
		DFDFB4442BFED4AF00077682 /* PlaylistService.swift */ = {isa = PBXFileReference; lastKnownFileType = sourcecode.swift; path = PlaylistService.swift; sourceTree = "<group>"; };
		DFDFB4462BFF3F3500077682 /* ExportRequestBody.swift */ = {isa = PBXFileReference; lastKnownFileType = sourcecode.swift; path = ExportRequestBody.swift; sourceTree = "<group>"; };
		DFDFB4482BFF3F7700077682 /* ExportResponse.swift */ = {isa = PBXFileReference; lastKnownFileType = sourcecode.swift; path = ExportResponse.swift; sourceTree = "<group>"; };
		DFDFB44B2BFF3FC300077682 /* ExportService.swift */ = {isa = PBXFileReference; lastKnownFileType = sourcecode.swift; path = ExportService.swift; sourceTree = "<group>"; };
/* End PBXFileReference section */

/* Begin PBXFrameworksBuildPhase section */
		DE1615D92BF1AC27007EE7A0 /* Frameworks */ = {
			isa = PBXFrameworksBuildPhase;
			buildActionMask = 2147483647;
			files = (
			);
			runOnlyForDeploymentPostprocessing = 0;
		};
/* End PBXFrameworksBuildPhase section */

/* Begin PBXGroup section */
		DE1615D32BF1AC27007EE7A0 = {
			isa = PBXGroup;
			children = (
				DE1615DE2BF1AC27007EE7A0 /* SOONGEEZ */,
				DE1615DD2BF1AC27007EE7A0 /* Products */,
			);
			sourceTree = "<group>";
		};
		DE1615DD2BF1AC27007EE7A0 /* Products */ = {
			isa = PBXGroup;
			children = (
				DE1615DC2BF1AC27007EE7A0 /* SOONGEEZ.app */,
			);
			name = Products;
			sourceTree = "<group>";
		};
		DE1615DE2BF1AC27007EE7A0 /* SOONGEEZ */ = {
			isa = PBXGroup;
			children = (
				DF8171892BFCA6AC00A33402 /* SOONGEEZ.entitlements */,
				DF78CB222BFB37F100CF4AFC /* Info.plist */,
				DF78CB262BFB9B8300CF4AFC /* Property List.plist */,
				DF78CB282BFB9C4400CF4AFC /* Config.swift */,
				DEDB50DF2BFCBE120021E32C /* music_test.mp3 */,
				DE1615DF2BF1AC27007EE7A0 /* SOONGEEZApp.swift */,
				DF20B0042BF1B7B20082BFF3 /* Domain */,
				DF20AFFE2BF1B75F0082BFF3 /* Data */,
				DF20AFFB2BF1B6EC0082BFF3 /* Presentation */,
				DF20AFF72BF1B4F10082BFF3 /* Extension */,
				DE1615E32BF1AC28007EE7A0 /* Assets.xcassets */,
				DE1615E52BF1AC28007EE7A0 /* Preview Content */,
				DF78CB232BFB3CFF00CF4AFC /* Config.xcconfig */,
			);
			path = SOONGEEZ;
			sourceTree = "<group>";
		};
		DE1615E52BF1AC28007EE7A0 /* Preview Content */ = {
			isa = PBXGroup;
			children = (
				DE1615E62BF1AC28007EE7A0 /* Preview Assets.xcassets */,
			);
			path = "Preview Content";
			sourceTree = "<group>";
		};
		DF20AFF72BF1B4F10082BFF3 /* Extension */ = {
			isa = PBXGroup;
			children = (
				DF20AFF82BF1B50B0082BFF3 /* ColorExtension.swift */,
				DFBC9BE72BFD9A3F006D7DF6 /* DurationExtension.swift */,
				DFDFB4412BFED3A400077682 /* DateExtension.swift */,
			);
			path = Extension;
			sourceTree = "<group>";
		};
		DF20AFFB2BF1B6EC0082BFF3 /* Presentation */ = {
			isa = PBXGroup;
			children = (
				DF20AFFD2BF1B70C0082BFF3 /* ViewModel */,
				DF20AFFC2BF1B7050082BFF3 /* View */,
			);
			path = Presentation;
			sourceTree = "<group>";
		};
		DF20AFFC2BF1B7050082BFF3 /* View */ = {
			isa = PBXGroup;
			children = (
				DF20B00C2BF2F0910082BFF3 /* SplashView.swift */,
				DF20B00E2BF2F09F0082BFF3 /* LoginView.swift */,
				DEBBF9FD2BFBA59F00AEE7A1 /* ControlView.swift */,
				DE0580162BFC3672009E8B63 /* FinaleSelctedView.swift */,
				DF20B0162BF2F0D50082BFF3 /* SelectMusicView.swift */,
				DE9269152BFE2F3500F6BD02 /* MakePlaylistView.swift */,
				DF20B0102BF2F0AE0082BFF3 /* MusicView.swift */,
				DE0580182BFC391B009E8B63 /* PlayerView.swift */,
				DF20B0122BF2F0BA0082BFF3 /* PlaylistView.swift */,
				DF20B0142BF2F0C70082BFF3 /* FinishView.swift */,
			);
			path = View;
			sourceTree = "<group>";
		};
		DF20AFFD2BF1B70C0082BFF3 /* ViewModel */ = {
			isa = PBXGroup;
			children = (
				DF8BB0032BF4F750006469CD /* SelectMusicModel.swift */,
				DE1EEC752BF6EE4A00E9FFD9 /* PlayMusicModel.swift */,
				DE0580142BFC34F2009E8B63 /* AudioPlayerViewModel.swift */,
				DFBC9BE92BFD9DC3006D7DF6 /* SearchModel.swift */,
			);
			path = ViewModel;
			sourceTree = "<group>";
		};
		DF20AFFE2BF1B75F0082BFF3 /* Data */ = {
			isa = PBXGroup;
			children = (
				DF20AFFF2BF1B7650082BFF3 /* Network */,
			);
			path = Data;
			sourceTree = "<group>";
		};
		DF20AFFF2BF1B7650082BFF3 /* Network */ = {
			isa = PBXGroup;
			children = (
				DF20B0012BF1B7850082BFF3 /* DataMapping */,
				DF20B0002BF1B76C0082BFF3 /* NetwokManager */,
			);
			path = Network;
			sourceTree = "<group>";
		};
		DF20B0002BF1B76C0082BFF3 /* NetwokManager */ = {
			isa = PBXGroup;
			children = (
				DF78CB2A2BFBA00D00CF4AFC /* NetworkError.swift */,
				DFDFB44A2BFF3FB200077682 /* Export */,
				DFDFB4432BFED49800077682 /* Playlist */,
				DF81718A2BFCB8BD00A33402 /* Search */,
				DFAEF2002BFC47A4006F0DA3 /* Login */,
			);
			path = NetwokManager;
			sourceTree = "<group>";
		};
		DF20B0012BF1B7850082BFF3 /* DataMapping */ = {
			isa = PBXGroup;
			children = (
				DF20B0032BF1B79C0082BFF3 /* Response */,
				DF20B0022BF1B78B0082BFF3 /* Request */,
			);
			path = DataMapping;
			sourceTree = "<group>";
		};
		DF20B0022BF1B78B0082BFF3 /* Request */ = {
			isa = PBXGroup;
			children = (
				DF8171872BFC9E4300A33402 /* TokenRequestBody.swift */,
				DF81718F2BFCB90500A33402 /* SearchRequestBody.swift */,
				DF2C1A0C2BFCC0DA009C651D /* LoginRequestBody.swift */,
				DFDFB43D2BFED27300077682 /* PlaylistRequestBody.swift */,
				DFDFB4462BFF3F3500077682 /* ExportRequestBody.swift */,
			);
			path = Request;
			sourceTree = "<group>";
		};
		DF20B0032BF1B79C0082BFF3 /* Response */ = {
			isa = PBXGroup;
			children = (
				DF81718D2BFCB8FA00A33402 /* SearchResponse.swift */,
				DFDFB43F2BFED28A00077682 /* PlaylistResonse.swift */,
				DF2C1A0E2BFCC0E9009C651D /* LoginResponse.swift */,
				DFDFB4482BFF3F7700077682 /* ExportResponse.swift */,
			);
			path = Response;
			sourceTree = "<group>";
		};
		DF20B0042BF1B7B20082BFF3 /* Domain */ = {
			isa = PBXGroup;
			children = (
				DF20B0052BF1B7BC0082BFF3 /* Entity */,
			);
			path = Domain;
			sourceTree = "<group>";
		};
		DF20B0052BF1B7BC0082BFF3 /* Entity */ = {
			isa = PBXGroup;
			children = (
				DF3A068E2BF31AAF00E40050 /* TempEntity.swift */,
			);
			path = Entity;
			sourceTree = "<group>";
		};
		DF81718A2BFCB8BD00A33402 /* Search */ = {
			isa = PBXGroup;
			children = (
				DF81718B2BFCB8D100A33402 /* SearchService.swift */,
			);
			path = Search;
			sourceTree = "<group>";
		};
		DFAEF2002BFC47A4006F0DA3 /* Login */ = {
			isa = PBXGroup;
			children = (
				DFAEF1FE2BFC4799006F0DA3 /* TokenService.swift */,
				DF78CB2C2BFBA04300CF4AFC /* LoginService.swift */,
				DFC550BE2BFCC162000C1F92 /* AuthSessionManager.swift */,
			);
			path = Login;
			sourceTree = "<group>";
		};
		DFDFB4432BFED49800077682 /* Playlist */ = {
			isa = PBXGroup;
			children = (
				DFDFB4442BFED4AF00077682 /* PlaylistService.swift */,
			);
			path = Playlist;
			sourceTree = "<group>";
		};
		DFDFB44A2BFF3FB200077682 /* Export */ = {
			isa = PBXGroup;
			children = (
				DFDFB44B2BFF3FC300077682 /* ExportService.swift */,
			);
			path = Export;
			sourceTree = "<group>";
		};
/* End PBXGroup section */

/* Begin PBXNativeTarget section */
		DE1615DB2BF1AC27007EE7A0 /* SOONGEEZ */ = {
			isa = PBXNativeTarget;
			buildConfigurationList = DE1615EA2BF1AC28007EE7A0 /* Build configuration list for PBXNativeTarget "SOONGEEZ" */;
			buildPhases = (
				DE1615D82BF1AC27007EE7A0 /* Sources */,
				DE1615D92BF1AC27007EE7A0 /* Frameworks */,
				DE1615DA2BF1AC27007EE7A0 /* Resources */,
			);
			buildRules = (
			);
			dependencies = (
			);
			name = SOONGEEZ;
			productName = SOONGEEZ;
			productReference = DE1615DC2BF1AC27007EE7A0 /* SOONGEEZ.app */;
			productType = "com.apple.product-type.application";
		};
/* End PBXNativeTarget section */

/* Begin PBXProject section */
		DE1615D42BF1AC27007EE7A0 /* Project object */ = {
			isa = PBXProject;
			attributes = {
				BuildIndependentTargetsInParallel = 1;
				LastSwiftUpdateCheck = 1530;
				LastUpgradeCheck = 1530;
				TargetAttributes = {
					DE1615DB2BF1AC27007EE7A0 = {
						CreatedOnToolsVersion = 15.3;
					};
				};
			};
			buildConfigurationList = DE1615D72BF1AC27007EE7A0 /* Build configuration list for PBXProject "SOONGEEZ" */;
			compatibilityVersion = "Xcode 14.0";
			developmentRegion = en;
			hasScannedForEncodings = 0;
			knownRegions = (
				en,
				Base,
			);
			mainGroup = DE1615D32BF1AC27007EE7A0;
			productRefGroup = DE1615DD2BF1AC27007EE7A0 /* Products */;
			projectDirPath = "";
			projectRoot = "";
			targets = (
				DE1615DB2BF1AC27007EE7A0 /* SOONGEEZ */,
			);
		};
/* End PBXProject section */

/* Begin PBXResourcesBuildPhase section */
		DE1615DA2BF1AC27007EE7A0 /* Resources */ = {
			isa = PBXResourcesBuildPhase;
			buildActionMask = 2147483647;
			files = (
				DF78CB272BFB9B8300CF4AFC /* Property List.plist in Resources */,
				DEDB50E02BFCBE120021E32C /* music_test.mp3 in Resources */,
				DE1615E72BF1AC28007EE7A0 /* Preview Assets.xcassets in Resources */,
				DE1615E42BF1AC28007EE7A0 /* Assets.xcassets in Resources */,
			);
			runOnlyForDeploymentPostprocessing = 0;
		};
/* End PBXResourcesBuildPhase section */

/* Begin PBXSourcesBuildPhase section */
		DE1615D82BF1AC27007EE7A0 /* Sources */ = {
			isa = PBXSourcesBuildPhase;
			buildActionMask = 2147483647;
			files = (
				DF78CB2D2BFBA04300CF4AFC /* LoginService.swift in Sources */,
				DFDFB4422BFED3A400077682 /* DateExtension.swift in Sources */,
				DF20B00F2BF2F09F0082BFF3 /* LoginView.swift in Sources */,
				DFAEF1FF2BFC4799006F0DA3 /* TokenService.swift in Sources */,
				DF78CB292BFB9C4400CF4AFC /* Config.swift in Sources */,
				DFC550BF2BFCC162000C1F92 /* AuthSessionManager.swift in Sources */,
				DF81718E2BFCB8FA00A33402 /* SearchResponse.swift in Sources */,
				DE0580192BFC391B009E8B63 /* PlayerView.swift in Sources */,
				DF20AFF92BF1B50B0082BFF3 /* ColorExtension.swift in Sources */,
				DFDFB44C2BFF3FC300077682 /* ExportService.swift in Sources */,
				DF8BB0042BF4F750006469CD /* SelectMusicModel.swift in Sources */,
				DE9269162BFE2F3500F6BD02 /* MakePlaylistView.swift in Sources */,
				DF3A068F2BF31AAF00E40050 /* TempEntity.swift in Sources */,
				DFDFB4472BFF3F3500077682 /* ExportRequestBody.swift in Sources */,
				DF20B0132BF2F0BA0082BFF3 /* PlaylistView.swift in Sources */,
				DFBC9BEA2BFD9DC3006D7DF6 /* SearchModel.swift in Sources */,
				DF8171902BFCB90500A33402 /* SearchRequestBody.swift in Sources */,
				DF20B00D2BF2F0910082BFF3 /* SplashView.swift in Sources */,
				DF8171882BFC9E4300A33402 /* TokenRequestBody.swift in Sources */,
				DF2C1A0D2BFCC0DA009C651D /* LoginRequestBody.swift in Sources */,
				DF20B0112BF2F0AE0082BFF3 /* MusicView.swift in Sources */,
				DF81718C2BFCB8D100A33402 /* SearchService.swift in Sources */,
				DFBC9BE82BFD9A3F006D7DF6 /* DurationExtension.swift in Sources */,
				DE1615E02BF1AC27007EE7A0 /* SOONGEEZApp.swift in Sources */,
				DF20B0172BF2F0D50082BFF3 /* SelectMusicView.swift in Sources */,
				DF78CB2B2BFBA00D00CF4AFC /* NetworkError.swift in Sources */,
				DE0580172BFC3672009E8B63 /* FinaleSelctedView.swift in Sources */,
				DE1615E02BF1AC27007EE7A0 /* SOONGEEZApp.swift in Sources */,
				DF20B0172BF2F0D50082BFF3 /* SelectMusicView.swift in Sources */,
				DFDFB4492BFF3F7700077682 /* ExportResponse.swift in Sources */,
				DFDFB43E2BFED27300077682 /* PlaylistRequestBody.swift in Sources */,
				DEBBF9FE2BFBA59F00AEE7A1 /* ControlView.swift in Sources */,
				DE0580172BFC3672009E8B63 /* FinaleSelctedView.swift in Sources */,
				DFDFB4452BFED4AF00077682 /* PlaylistService.swift in Sources */,
				DE1615E02BF1AC27007EE7A0 /* SOONGEEZApp.swift in Sources */,
				DF20B0172BF2F0D50082BFF3 /* SelectMusicView.swift in Sources */,
				DF2C1A0F2BFCC0E9009C651D /* LoginResponse.swift in Sources */,
				DE0580172BFC3672009E8B63 /* FinaleSelctedView.swift in Sources */,
				DE1615E02BF1AC27007EE7A0 /* SOONGEEZApp.swift in Sources */,
				DF20B0172BF2F0D50082BFF3 /* SelectMusicView.swift in Sources */,
				DFDFB4402BFED28A00077682 /* PlaylistResonse.swift in Sources */,
				DEBBF9FE2BFBA59F00AEE7A1 /* ControlView.swift in Sources */,
				DF20B0152BF2F0C70082BFF3 /* FinishView.swift in Sources */,
				DE0580152BFC34F2009E8B63 /* AudioPlayerViewModel.swift in Sources */,
				DE1EEC762BF6EE4A00E9FFD9 /* PlayMusicModel.swift in Sources */,
			);
			runOnlyForDeploymentPostprocessing = 0;
		};
/* End PBXSourcesBuildPhase section */

/* Begin XCBuildConfiguration section */
		DE1615E82BF1AC28007EE7A0 /* Debug */ = {
			isa = XCBuildConfiguration;
			baseConfigurationReference = DF78CB232BFB3CFF00CF4AFC /* Config.xcconfig */;
			buildSettings = {
				ALWAYS_SEARCH_USER_PATHS = NO;
				ASSETCATALOG_COMPILER_GENERATE_SWIFT_ASSET_SYMBOL_EXTENSIONS = YES;
				CLANG_ANALYZER_NONNULL = YES;
				CLANG_ANALYZER_NUMBER_OBJECT_CONVERSION = YES_AGGRESSIVE;
				CLANG_CXX_LANGUAGE_STANDARD = "gnu++20";
				CLANG_ENABLE_MODULES = YES;
				CLANG_ENABLE_OBJC_ARC = YES;
				CLANG_ENABLE_OBJC_WEAK = YES;
				CLANG_WARN_BLOCK_CAPTURE_AUTORELEASING = YES;
				CLANG_WARN_BOOL_CONVERSION = YES;
				CLANG_WARN_COMMA = YES;
				CLANG_WARN_CONSTANT_CONVERSION = YES;
				CLANG_WARN_DEPRECATED_OBJC_IMPLEMENTATIONS = YES;
				CLANG_WARN_DIRECT_OBJC_ISA_USAGE = YES_ERROR;
				CLANG_WARN_DOCUMENTATION_COMMENTS = YES;
				CLANG_WARN_EMPTY_BODY = YES;
				CLANG_WARN_ENUM_CONVERSION = YES;
				CLANG_WARN_INFINITE_RECURSION = YES;
				CLANG_WARN_INT_CONVERSION = YES;
				CLANG_WARN_NON_LITERAL_NULL_CONVERSION = YES;
				CLANG_WARN_OBJC_IMPLICIT_RETAIN_SELF = YES;
				CLANG_WARN_OBJC_LITERAL_CONVERSION = YES;
				CLANG_WARN_OBJC_ROOT_CLASS = YES_ERROR;
				CLANG_WARN_QUOTED_INCLUDE_IN_FRAMEWORK_HEADER = YES;
				CLANG_WARN_RANGE_LOOP_ANALYSIS = YES;
				CLANG_WARN_STRICT_PROTOTYPES = YES;
				CLANG_WARN_SUSPICIOUS_MOVE = YES;
				CLANG_WARN_UNGUARDED_AVAILABILITY = YES_AGGRESSIVE;
				CLANG_WARN_UNREACHABLE_CODE = YES;
				CLANG_WARN__DUPLICATE_METHOD_MATCH = YES;
				COPY_PHASE_STRIP = NO;
				DEBUG_INFORMATION_FORMAT = dwarf;
				ENABLE_STRICT_OBJC_MSGSEND = YES;
				ENABLE_TESTABILITY = YES;
				ENABLE_USER_SCRIPT_SANDBOXING = YES;
				GCC_C_LANGUAGE_STANDARD = gnu17;
				GCC_DYNAMIC_NO_PIC = NO;
				GCC_NO_COMMON_BLOCKS = YES;
				GCC_OPTIMIZATION_LEVEL = 0;
				GCC_PREPROCESSOR_DEFINITIONS = (
					"DEBUG=1",
					"$(inherited)",
				);
				GCC_WARN_64_TO_32_BIT_CONVERSION = YES;
				GCC_WARN_ABOUT_RETURN_TYPE = YES_ERROR;
				GCC_WARN_UNDECLARED_SELECTOR = YES;
				GCC_WARN_UNINITIALIZED_AUTOS = YES_AGGRESSIVE;
				GCC_WARN_UNUSED_FUNCTION = YES;
				GCC_WARN_UNUSED_VARIABLE = YES;
				IPHONEOS_DEPLOYMENT_TARGET = 17.4;
				LOCALIZATION_PREFERS_STRING_CATALOGS = YES;
				MTL_ENABLE_DEBUG_INFO = INCLUDE_SOURCE;
				MTL_FAST_MATH = YES;
				ONLY_ACTIVE_ARCH = YES;
				SDKROOT = iphoneos;
				SWIFT_ACTIVE_COMPILATION_CONDITIONS = "DEBUG $(inherited)";
				SWIFT_OPTIMIZATION_LEVEL = "-Onone";
			};
			name = Debug;
		};
		DE1615E92BF1AC28007EE7A0 /* Release */ = {
			isa = XCBuildConfiguration;
			baseConfigurationReference = DF78CB232BFB3CFF00CF4AFC /* Config.xcconfig */;
			buildSettings = {
				ALWAYS_SEARCH_USER_PATHS = NO;
				ASSETCATALOG_COMPILER_GENERATE_SWIFT_ASSET_SYMBOL_EXTENSIONS = YES;
				CLANG_ANALYZER_NONNULL = YES;
				CLANG_ANALYZER_NUMBER_OBJECT_CONVERSION = YES_AGGRESSIVE;
				CLANG_CXX_LANGUAGE_STANDARD = "gnu++20";
				CLANG_ENABLE_MODULES = YES;
				CLANG_ENABLE_OBJC_ARC = YES;
				CLANG_ENABLE_OBJC_WEAK = YES;
				CLANG_WARN_BLOCK_CAPTURE_AUTORELEASING = YES;
				CLANG_WARN_BOOL_CONVERSION = YES;
				CLANG_WARN_COMMA = YES;
				CLANG_WARN_CONSTANT_CONVERSION = YES;
				CLANG_WARN_DEPRECATED_OBJC_IMPLEMENTATIONS = YES;
				CLANG_WARN_DIRECT_OBJC_ISA_USAGE = YES_ERROR;
				CLANG_WARN_DOCUMENTATION_COMMENTS = YES;
				CLANG_WARN_EMPTY_BODY = YES;
				CLANG_WARN_ENUM_CONVERSION = YES;
				CLANG_WARN_INFINITE_RECURSION = YES;
				CLANG_WARN_INT_CONVERSION = YES;
				CLANG_WARN_NON_LITERAL_NULL_CONVERSION = YES;
				CLANG_WARN_OBJC_IMPLICIT_RETAIN_SELF = YES;
				CLANG_WARN_OBJC_LITERAL_CONVERSION = YES;
				CLANG_WARN_OBJC_ROOT_CLASS = YES_ERROR;
				CLANG_WARN_QUOTED_INCLUDE_IN_FRAMEWORK_HEADER = YES;
				CLANG_WARN_RANGE_LOOP_ANALYSIS = YES;
				CLANG_WARN_STRICT_PROTOTYPES = YES;
				CLANG_WARN_SUSPICIOUS_MOVE = YES;
				CLANG_WARN_UNGUARDED_AVAILABILITY = YES_AGGRESSIVE;
				CLANG_WARN_UNREACHABLE_CODE = YES;
				CLANG_WARN__DUPLICATE_METHOD_MATCH = YES;
				COPY_PHASE_STRIP = NO;
				DEBUG_INFORMATION_FORMAT = "dwarf-with-dsym";
				ENABLE_NS_ASSERTIONS = NO;
				ENABLE_STRICT_OBJC_MSGSEND = YES;
				ENABLE_USER_SCRIPT_SANDBOXING = YES;
				GCC_C_LANGUAGE_STANDARD = gnu17;
				GCC_NO_COMMON_BLOCKS = YES;
				GCC_WARN_64_TO_32_BIT_CONVERSION = YES;
				GCC_WARN_ABOUT_RETURN_TYPE = YES_ERROR;
				GCC_WARN_UNDECLARED_SELECTOR = YES;
				GCC_WARN_UNINITIALIZED_AUTOS = YES_AGGRESSIVE;
				GCC_WARN_UNUSED_FUNCTION = YES;
				GCC_WARN_UNUSED_VARIABLE = YES;
				IPHONEOS_DEPLOYMENT_TARGET = 17.4;
				LOCALIZATION_PREFERS_STRING_CATALOGS = YES;
				MTL_ENABLE_DEBUG_INFO = NO;
				MTL_FAST_MATH = YES;
				SDKROOT = iphoneos;
				SWIFT_COMPILATION_MODE = wholemodule;
				VALIDATE_PRODUCT = YES;
			};
			name = Release;
		};
		DE1615EB2BF1AC28007EE7A0 /* Debug */ = {
			isa = XCBuildConfiguration;
			buildSettings = {
				ASSETCATALOG_COMPILER_APPICON_NAME = AppIcon;
				ASSETCATALOG_COMPILER_GLOBAL_ACCENT_COLOR_NAME = AccentColor;
				CODE_SIGN_ENTITLEMENTS = SOONGEEZ/SOONGEEZ.entitlements;
				CODE_SIGN_STYLE = Automatic;
				CURRENT_PROJECT_VERSION = 1;
				DEVELOPMENT_ASSET_PATHS = "\"SOONGEEZ/Preview Content\"";
				DEVELOPMENT_TEAM = 4QMNM64P9Z;
				ENABLE_PREVIEWS = YES;
				GENERATE_INFOPLIST_FILE = YES;
				INFOPLIST_FILE = SOONGEEZ/Info.plist;
				INFOPLIST_KEY_UIApplicationSupportsIndirectInputEvents = YES;
				INFOPLIST_KEY_UILaunchScreen_Generation = YES;
				INFOPLIST_KEY_UISupportedInterfaceOrientations_iPad = "UIInterfaceOrientationPortrait UIInterfaceOrientationPortraitUpsideDown UIInterfaceOrientationLandscapeLeft UIInterfaceOrientationLandscapeRight";
				INFOPLIST_KEY_UISupportedInterfaceOrientations_iPhone = "UIInterfaceOrientationPortrait UIInterfaceOrientationLandscapeLeft UIInterfaceOrientationLandscapeRight";
				LD_RUNPATH_SEARCH_PATHS = (
					"$(inherited)",
					"@executable_path/Frameworks",
				);
				MARKETING_VERSION = 1.0;
				PRODUCT_BUNDLE_IDENTIFIER = ezzkim.SOONGEEZ;
				PRODUCT_NAME = "$(TARGET_NAME)";
				SWIFT_EMIT_LOC_STRINGS = YES;
				SWIFT_VERSION = 5.0;
				TARGETED_DEVICE_FAMILY = "1,2";
			};
			name = Debug;
		};
		DE1615EC2BF1AC28007EE7A0 /* Release */ = {
			isa = XCBuildConfiguration;
			buildSettings = {
				ASSETCATALOG_COMPILER_APPICON_NAME = AppIcon;
				ASSETCATALOG_COMPILER_GLOBAL_ACCENT_COLOR_NAME = AccentColor;
				CODE_SIGN_ENTITLEMENTS = SOONGEEZ/SOONGEEZ.entitlements;
				CODE_SIGN_STYLE = Automatic;
				CURRENT_PROJECT_VERSION = 1;
				DEVELOPMENT_ASSET_PATHS = "\"SOONGEEZ/Preview Content\"";
				DEVELOPMENT_TEAM = 4QMNM64P9Z;
				ENABLE_PREVIEWS = YES;
				GENERATE_INFOPLIST_FILE = YES;
				INFOPLIST_FILE = SOONGEEZ/Info.plist;
				INFOPLIST_KEY_UIApplicationSupportsIndirectInputEvents = YES;
				INFOPLIST_KEY_UILaunchScreen_Generation = YES;
				INFOPLIST_KEY_UISupportedInterfaceOrientations_iPad = "UIInterfaceOrientationPortrait UIInterfaceOrientationPortraitUpsideDown UIInterfaceOrientationLandscapeLeft UIInterfaceOrientationLandscapeRight";
				INFOPLIST_KEY_UISupportedInterfaceOrientations_iPhone = "UIInterfaceOrientationPortrait UIInterfaceOrientationLandscapeLeft UIInterfaceOrientationLandscapeRight";
				LD_RUNPATH_SEARCH_PATHS = (
					"$(inherited)",
					"@executable_path/Frameworks",
				);
				MARKETING_VERSION = 1.0;
				PRODUCT_BUNDLE_IDENTIFIER = ezzkim.SOONGEEZ;
				PRODUCT_NAME = "$(TARGET_NAME)";
				SWIFT_EMIT_LOC_STRINGS = YES;
				SWIFT_VERSION = 5.0;
				TARGETED_DEVICE_FAMILY = "1,2";
			};
			name = Release;
		};
/* End XCBuildConfiguration section */

/* Begin XCConfigurationList section */
		DE1615D72BF1AC27007EE7A0 /* Build configuration list for PBXProject "SOONGEEZ" */ = {
			isa = XCConfigurationList;
			buildConfigurations = (
				DE1615E82BF1AC28007EE7A0 /* Debug */,
				DE1615E92BF1AC28007EE7A0 /* Release */,
			);
			defaultConfigurationIsVisible = 0;
			defaultConfigurationName = Release;
		};
		DE1615EA2BF1AC28007EE7A0 /* Build configuration list for PBXNativeTarget "SOONGEEZ" */ = {
			isa = XCConfigurationList;
			buildConfigurations = (
				DE1615EB2BF1AC28007EE7A0 /* Debug */,
				DE1615EC2BF1AC28007EE7A0 /* Release */,
			);
			defaultConfigurationIsVisible = 0;
			defaultConfigurationName = Release;
		};
/* End XCConfigurationList section */
	};
	rootObject = DE1615D42BF1AC27007EE7A0 /* Project object */;
}
